
Microsoft Visual Studio Solution File, Format Version 12.00
# Visual Studio Version 16
VisualStudioVersion = 16.0.33328.57
MinimumVisualStudioVersion = 10.0.40219.1
Project("{FAE04EC0-301F-11D3-BF4B-00C04F79EFBC}") = "AoLv2", "AoLv2\AoLv2.csproj", "{194A2E16-F94E-42D6-85D3-D579726F3C59}"
EndProject
Global
	GlobalSection(SolutionConfigurationPlatforms) = preSolution
		Debug|Any CPU = Debug|Any CPU
		Release|Any CPU = Release|Any CPU
	EndGlobalSection
	GlobalSection(ProjectConfigurationPlatforms) = postSolution
		{194A2E16-F94E-42D6-85D3-D579726F3C59}.Debug|Any CPU.ActiveCfg = Debug|Any CPU
		{194A2E16-F94E-42D6-85D3-D579726F3C59}.Debug|Any CPU.Build.0 = Debug|Any CPU
		{194A2E16-F94E-42D6-85D3-D579726F3C59}.Release|Any CPU.ActiveCfg = Release|Any CPU
		{194A2E16-F94E-42D6-85D3-D579726F3C59}.Release|Any CPU.Build.0 = Release|Any CPU
	EndGlobalSection
	GlobalSection(SolutionProperties) = preSolution
		HideSolutionNode = FALSE
	EndGlobalSection
	GlobalSection(ExtensibilityGlobals) = postSolution
		SolutionGuid = {17585C13-E0FA-4266-B330-8FCA38100C7A}
	EndGlobalSection
EndGlobal
